# This file was autogenerated by Stack.
# You should not edit this file by hand.
# For more information, please see the documentation at:
#   https://docs.haskellstack.org/en/stable/lock_files

snapshots:
- original:
    url: https://raw.githubusercontent.com/commercialhaskell/stackage-snapshots/master/lts/18/13.yaml
  completed:
    url: https://raw.githubusercontent.com/commercialhaskell/stackage-snapshots/master/lts/18/13.yaml
    sha256: d9e658a22cfe8d87a64fdf219885f942fef5fe2bcb156a9800174911c5da2443
    size: 586268
packages:
- original:
    url: https://github.com/brenoafb/CC-GTTSE/archive/258abf34bc5ae60693a7a08c9b18c1b5b30e7233.tar.gz
  completed:
    pantry-tree:
      sha256: ac228e7b5a6c696458be1b9245873555566fbb486365dad31a4aa05ced385085
      size: 1331
    version: 0.1.0.0
    name: choice-calculus
    url: https://github.com/brenoafb/CC-GTTSE/archive/258abf34bc5ae60693a7a08c9b18c1b5b30e7233.tar.gz
    sha256: 54a92646ea802deab2ee39b1f061f1ab8e5ae05ec4fce4ca3e2ffe8ef6333f45
    size: 17090
- original:
    hackage: syz-0.2.0.0@sha256:7307acb8f6ae7720e7e235c974281ecee912703c1394ebcac19caf83d70bb492,2345
  completed:
    pantry-tree:
      sha256: a5438cf5c8f701d8e2aa6543ca3d591224b83dcc379063da5ed68727da0bb1ad
      size: 256
    hackage: syz-0.2.0.0@sha256:7307acb8f6ae7720e7e235c974281ecee912703c1394ebcac19caf83d70bb492,2345
